
Microsoft Visual Studio Solution File, Format Version 12.00
# Visual Studio 15
VisualStudioVersion = 15.0.26730.3
MinimumVisualStudioVersion = 10.0.40219.1
Project("{9A19103F-16F7-4668-BE54-9A1E7A4F7556}") = "Web", "Web\Web.csproj", "{BF0EEC70-7C2A-4A50-92A2-AEAFF31135A5}"
EndProject
Project("{FAE04EC0-301F-11D3-BF4B-00C04F79EFBC}") = "ClassLibrary2", "ClassLibrary2\ClassLibrary2.csproj", "{648E51D3-710E-4CA1-9957-8280923DD9D3}"
EndProject
Global
	GlobalSection(SolutionConfigurationPlatforms) = preSolution
		Debug|Any CPU = Debug|Any CPU
		Release|Any CPU = Release|Any CPU
	EndGlobalSection
	GlobalSection(ProjectConfigurationPlatforms) = postSolution
		{BF0EEC70-7C2A-4A50-92A2-AEAFF31135A5}.Debug|Any CPU.ActiveCfg = Debug|Any CPU
		{BF0EEC70-7C2A-4A50-92A2-AEAFF31135A5}.Debug|Any CPU.Build.0 = Debug|Any CPU
		{BF0EEC70-7C2A-4A50-92A2-AEAFF31135A5}.Release|Any CPU.ActiveCfg = Release|Any CPU
		{BF0EEC70-7C2A-4A50-92A2-AEAFF31135A5}.Release|Any CPU.Build.0 = Release|Any CPU
		{648E51D3-710E-4CA1-9957-8280923DD9D3}.Debug|Any CPU.ActiveCfg = Debug|Any CPU
		{648E51D3-710E-4CA1-9957-8280923DD9D3}.Debug|Any CPU.Build.0 = Debug|Any CPU
		{648E51D3-710E-4CA1-9957-8280923DD9D3}.Release|Any CPU.ActiveCfg = Release|Any CPU
		{648E51D3-710E-4CA1-9957-8280923DD9D3}.Release|Any CPU.Build.0 = Release|Any CPU
	EndGlobalSection
	GlobalSection(SolutionProperties) = preSolution
		HideSolutionNode = FALSE
	EndGlobalSection
	GlobalSection(ExtensibilityGlobals) = postSolution
		SolutionGuid = {A1EC124E-DF2B-429B-9F70-AFB10C2B6140}
	EndGlobalSection
EndGlobal
